
Microsoft Visual Studio Solution File, Format Version 12.00
# Visual Studio Version 16
VisualStudioVersion = 16.0.31205.134
MinimumVisualStudioVersion = 10.0.40219.1
Project("{FAE04EC0-301F-11D3-BF4B-00C04F79EFBC}") = "HandsOnBasics", "HandsOnBasics\HandsOnBasics.csproj", "{FE3929BD-0FDA-4B0B-A711-7E180B1C09EF}"
EndProject
Project("{FAE04EC0-301F-11D3-BF4B-00C04F79EFBC}") = "TempLib", "TempLib\TempLib.csproj", "{6E7E86BE-1F96-47BF-B3FE-FE4BB82DFEE8}"
EndProject
Global
	GlobalSection(SolutionConfigurationPlatforms) = preSolution
		Debug|Any CPU = Debug|Any CPU
		Release|Any CPU = Release|Any CPU
	EndGlobalSection
	GlobalSection(ProjectConfigurationPlatforms) = postSolution
		{FE3929BD-0FDA-4B0B-A711-7E180B1C09EF}.Debug|Any CPU.ActiveCfg = Debug|Any CPU
		{FE3929BD-0FDA-4B0B-A711-7E180B1C09EF}.Debug|Any CPU.Build.0 = Debug|Any CPU
		{FE3929BD-0FDA-4B0B-A711-7E180B1C09EF}.Release|Any CPU.ActiveCfg = Release|Any CPU
		{FE3929BD-0FDA-4B0B-A711-7E180B1C09EF}.Release|Any CPU.Build.0 = Release|Any CPU
		{6E7E86BE-1F96-47BF-B3FE-FE4BB82DFEE8}.Debug|Any CPU.ActiveCfg = Debug|Any CPU
		{6E7E86BE-1F96-47BF-B3FE-FE4BB82DFEE8}.Debug|Any CPU.Build.0 = Debug|Any CPU
		{6E7E86BE-1F96-47BF-B3FE-FE4BB82DFEE8}.Release|Any CPU.ActiveCfg = Release|Any CPU
		{6E7E86BE-1F96-47BF-B3FE-FE4BB82DFEE8}.Release|Any CPU.Build.0 = Release|Any CPU
	EndGlobalSection
	GlobalSection(SolutionProperties) = preSolution
		HideSolutionNode = FALSE
	EndGlobalSection
	GlobalSection(ExtensibilityGlobals) = postSolution
		SolutionGuid = {3CA3B6BE-7C09-4F8B-832B-C6244FD2F910}
	EndGlobalSection
EndGlobal
