
Microsoft Visual Studio Solution File, Format Version 12.00
# Visual Studio Version 16
VisualStudioVersion = 16.0.31205.134
MinimumVisualStudioVersion = 10.0.40219.1
Project("{FAE04EC0-301F-11D3-BF4B-00C04F79EFBC}") = "HandsOnDelegates", "HandsOnDelegates\HandsOnDelegates.csproj", "{B3BC77A7-795A-44DA-8316-37F4EA1CA412}"
EndProject
Global
	GlobalSection(SolutionConfigurationPlatforms) = preSolution
		Debug|Any CPU = Debug|Any CPU
		Release|Any CPU = Release|Any CPU
	EndGlobalSection
	GlobalSection(ProjectConfigurationPlatforms) = postSolution
		{B3BC77A7-795A-44DA-8316-37F4EA1CA412}.Debug|Any CPU.ActiveCfg = Debug|Any CPU
		{B3BC77A7-795A-44DA-8316-37F4EA1CA412}.Debug|Any CPU.Build.0 = Debug|Any CPU
		{B3BC77A7-795A-44DA-8316-37F4EA1CA412}.Release|Any CPU.ActiveCfg = Release|Any CPU
		{B3BC77A7-795A-44DA-8316-37F4EA1CA412}.Release|Any CPU.Build.0 = Release|Any CPU
	EndGlobalSection
	GlobalSection(SolutionProperties) = preSolution
		HideSolutionNode = FALSE
	EndGlobalSection
	GlobalSection(ExtensibilityGlobals) = postSolution
		SolutionGuid = {F3071FF1-E063-4D8D-BF02-B597BECD2F0C}
	EndGlobalSection
EndGlobal
